
Microsoft Visual Studio Solution File, Format Version 12.00
# Visual Studio Version 17
VisualStudioVersion = 17.3.32825.248
MinimumVisualStudioVersion = 10.0.40219.1
Project("{FAE04EC0-301F-11D3-BF4B-00C04F79EFBC}") = "UnitOfWork And Repository Pattern Practise", "UnitOfWork And Repository Pattern Practise\UnitOfWork And Repository Pattern Practise.csproj", "{CDEB5AD7-AB86-4E79-9D67-5A8BA3A74D31}"
EndProject
Global
	GlobalSection(SolutionConfigurationPlatforms) = preSolution
		Debug|Any CPU = Debug|Any CPU
		Release|Any CPU = Release|Any CPU
	EndGlobalSection
	GlobalSection(ProjectConfigurationPlatforms) = postSolution
		{CDEB5AD7-AB86-4E79-9D67-5A8BA3A74D31}.Debug|Any CPU.ActiveCfg = Debug|Any CPU
		{CDEB5AD7-AB86-4E79-9D67-5A8BA3A74D31}.Debug|Any CPU.Build.0 = Debug|Any CPU
		{CDEB5AD7-AB86-4E79-9D67-5A8BA3A74D31}.Release|Any CPU.ActiveCfg = Release|Any CPU
		{CDEB5AD7-AB86-4E79-9D67-5A8BA3A74D31}.Release|Any CPU.Build.0 = Release|Any CPU
	EndGlobalSection
	GlobalSection(SolutionProperties) = preSolution
		HideSolutionNode = FALSE
	EndGlobalSection
	GlobalSection(ExtensibilityGlobals) = postSolution
		SolutionGuid = {CD1C32A8-41E7-4F18-B7AC-0077645B3AF6}
	EndGlobalSection
EndGlobal
